
Microsoft Visual Studio Solution File, Format Version 12.00
# Visual Studio 15
VisualStudioVersion = 15.0.27130.2026
MinimumVisualStudioVersion = 10.0.40219.1
Project("{FAE04EC0-301F-11D3-BF4B-00C04F79EFBC}") = "App1", "App1\App1.csproj", "{48C2ADA9-99BA-46EF-B37E-622921EBBF14}"
EndProject
Global
	GlobalSection(SolutionConfigurationPlatforms) = preSolution
		Debug|Any CPU = Debug|Any CPU
		Release|Any CPU = Release|Any CPU
	EndGlobalSection
	GlobalSection(ProjectConfigurationPlatforms) = postSolution
		{48C2ADA9-99BA-46EF-B37E-622921EBBF14}.Debug|Any CPU.ActiveCfg = Debug|Any CPU
		{48C2ADA9-99BA-46EF-B37E-622921EBBF14}.Debug|Any CPU.Build.0 = Debug|Any CPU
		{48C2ADA9-99BA-46EF-B37E-622921EBBF14}.Debug|Any CPU.Deploy.0 = Debug|Any CPU
		{48C2ADA9-99BA-46EF-B37E-622921EBBF14}.Release|Any CPU.ActiveCfg = Release|Any CPU
		{48C2ADA9-99BA-46EF-B37E-622921EBBF14}.Release|Any CPU.Build.0 = Release|Any CPU
		{48C2ADA9-99BA-46EF-B37E-622921EBBF14}.Release|Any CPU.Deploy.0 = Release|Any CPU
	EndGlobalSection
	GlobalSection(SolutionProperties) = preSolution
		HideSolutionNode = FALSE
	EndGlobalSection
	GlobalSection(ExtensibilityGlobals) = postSolution
		SolutionGuid = {3EDD1794-B0CD-40E1-B307-DA24E58634D1}
	EndGlobalSection
EndGlobal
